lockfileVersion: '6.0'

settings:
  autoInstallPeers: true
  excludeLinksFromLockfile: false

dependencies:
  '@google/generative-ai':
    specifier: ^0.8.0
    version: 0.8.0

packages:

  /@google/generative-ai@0.8.0:
    resolution: {integrity: sha512-O55FgK1Jvl2JuJP1cnRHEAM8A4Lr3yKtjQrCn2QXOXVT+L5+o/nFQcx0/oIo3oq1Kq9TjjgewXyb9BBrK+Wd0A==}
    engines: {node: '>=18.0.0'}
    dev: false
